// !$*UTF8*$!
{
	archiveVersion = 1;
	classes = {
	};
	objectVersion = 56;
	objects = {

/* Begin PBXBuildFile section */
		056B4503298E1AA200DE12ED /* AppDelegate.swift in Sources */ = {isa = PBXBuildFile; fileRef = 056B4502298E1AA200DE12ED /* AppDelegate.swift */; };
		056B4505298E1AA200DE12ED /* SceneDelegate.swift in Sources */ = {isa = PBXBuildFile; fileRef = 056B4504298E1AA200DE12ED /* SceneDelegate.swift */; };
		056B4507298E1AA200DE12ED /* LoginRegisterViewController.swift in Sources */ = {isa = PBXBuildFile; fileRef = 056B4506298E1AA200DE12ED /* LoginRegisterViewController.swift */; };
		056B450A298E1AA200DE12ED /* Main.storyboard in Resources */ = {isa = PBXBuildFile; fileRef = 056B4508298E1AA200DE12ED /* Main.storyboard */; };
		056B450D298E1AA200DE12ED /* BuahSegar_iOS.xcdatamodeld in Sources */ = {isa = PBXBuildFile; fileRef = 056B450B298E1AA200DE12ED /* BuahSegar_iOS.xcdatamodeld */; };
		056B450F298E1AA400DE12ED /* Assets.xcassets in Resources */ = {isa = PBXBuildFile; fileRef = 056B450E298E1AA400DE12ED /* Assets.xcassets */; };
		056B4512298E1AA400DE12ED /* LaunchScreen.storyboard in Resources */ = {isa = PBXBuildFile; fileRef = 056B4510298E1AA400DE12ED /* LaunchScreen.storyboard */; };
		05E762F2298E379A00BF75A3 /* LoginViewController.swift in Sources */ = {isa = PBXBuildFile; fileRef = 05E762F1298E379A00BF75A3 /* LoginViewController.swift */; };
		05E762F4298E38CA00BF75A3 /* HomeViewController.swift in Sources */ = {isa = PBXBuildFile; fileRef = 05E762F3298E38CA00BF75A3 /* HomeViewController.swift */; };
		05E762F8298E3E5500BF75A3 /* User.swift in Sources */ = {isa = PBXBuildFile; fileRef = 05E762F7298E3E5500BF75A3 /* User.swift */; };
/* End PBXBuildFile section */

/* Begin PBXFileReference section */
		056B44FF298E1AA200DE12ED /* BuahSegar-iOS.app */ = {isa = PBXFileReference; explicitFileType = wrapper.application; includeInIndex = 0; path = "BuahSegar-iOS.app"; sourceTree = BUILT_PRODUCTS_DIR; };
		056B4502298E1AA200DE12ED /* AppDelegate.swift */ = {isa = PBXFileReference; lastKnownFileType = sourcecode.swift; path = AppDelegate.swift; sourceTree = "<group>"; };
		056B4504298E1AA200DE12ED /* SceneDelegate.swift */ = {isa = PBXFileReference; lastKnownFileType = sourcecode.swift; path = SceneDelegate.swift; sourceTree = "<group>"; };
		056B4506298E1AA200DE12ED /* LoginRegisterViewController.swift */ = {isa = PBXFileReference; lastKnownFileType = sourcecode.swift; path = LoginRegisterViewController.swift; sourceTree = "<group>"; };
		056B4509298E1AA200DE12ED /* Base */ = {isa = PBXFileReference; lastKnownFileType = file.storyboard; name = Base; path = Base.lproj/Main.storyboard; sourceTree = "<group>"; };
		056B450C298E1AA200DE12ED /* BuahSegar_iOS.xcdatamodel */ = {isa = PBXFileReference; lastKnownFileType = wrapper.xcdatamodel; path = BuahSegar_iOS.xcdatamodel; sourceTree = "<group>"; };
		056B450E298E1AA400DE12ED /* Assets.xcassets */ = {isa = PBXFileReference; lastKnownFileType = folder.assetcatalog; path = Assets.xcassets; sourceTree = "<group>"; };
		056B4511298E1AA400DE12ED /* Base */ = {isa = PBXFileReference; lastKnownFileType = file.storyboard; name = Base; path = Base.lproj/LaunchScreen.storyboard; sourceTree = "<group>"; };
		056B4513298E1AA400DE12ED /* Info.plist */ = {isa = PBXFileReference; lastKnownFileType = text.plist.xml; path = Info.plist; sourceTree = "<group>"; };
		05E762F1298E379A00BF75A3 /* LoginViewController.swift */ = {isa = PBXFileReference; lastKnownFileType = sourcecode.swift; path = LoginViewController.swift; sourceTree = "<group>"; };
		05E762F3298E38CA00BF75A3 /* HomeViewController.swift */ = {isa = PBXFileReference; lastKnownFileType = sourcecode.swift; path = HomeViewController.swift; sourceTree = "<group>"; };
		05E762F7298E3E5500BF75A3 /* User.swift */ = {isa = PBXFileReference; lastKnownFileType = sourcecode.swift; path = User.swift; sourceTree = "<group>"; };
/* End PBXFileReference section */

/* Begin PBXFrameworksBuildPhase section */
		056B44FC298E1AA200DE12ED /* Frameworks */ = {
			isa = PBXFrameworksBuildPhase;
			buildActionMask = 2147483647;
			files = (
			);
			runOnlyForDeploymentPostprocessing = 0;
		};
/* End PBXFrameworksBuildPhase section */

/* Begin PBXGroup section */
		056B44F6298E1AA200DE12ED = {
			isa = PBXGroup;
			children = (
				056B4501298E1AA200DE12ED /* BuahSegar-iOS */,
				056B4500298E1AA200DE12ED /* Products */,
			);
			sourceTree = "<group>";
		};
		056B4500298E1AA200DE12ED /* Products */ = {
			isa = PBXGroup;
			children = (
				056B44FF298E1AA200DE12ED /* BuahSegar-iOS.app */,
			);
			name = Products;
			sourceTree = "<group>";
		};
		056B4501298E1AA200DE12ED /* BuahSegar-iOS */ = {
			isa = PBXGroup;
			children = (
				05E762F6298E3E4100BF75A3 /* Models */,
				056B4502298E1AA200DE12ED /* AppDelegate.swift */,
				056B4504298E1AA200DE12ED /* SceneDelegate.swift */,
				056B4506298E1AA200DE12ED /* LoginRegisterViewController.swift */,
				05E762F1298E379A00BF75A3 /* LoginViewController.swift */,
				056B4508298E1AA200DE12ED /* Main.storyboard */,
				05E762F3298E38CA00BF75A3 /* HomeViewController.swift */,
				056B450E298E1AA400DE12ED /* Assets.xcassets */,
				056B4510298E1AA400DE12ED /* LaunchScreen.storyboard */,
				056B4513298E1AA400DE12ED /* Info.plist */,
				056B450B298E1AA200DE12ED /* BuahSegar_iOS.xcdatamodeld */,
			);
			path = "BuahSegar-iOS";
			sourceTree = "<group>";
		};
		05E762F6298E3E4100BF75A3 /* Models */ = {
			isa = PBXGroup;
			children = (
				05E762F7298E3E5500BF75A3 /* User.swift */,
			);
			path = Models;
			sourceTree = "<group>";
		};
/* End PBXGroup section */

/* Begin PBXNativeTarget section */
		056B44FE298E1AA200DE12ED /* BuahSegar-iOS */ = {
			isa = PBXNativeTarget;
			buildConfigurationList = 056B4516298E1AA400DE12ED /* Build configuration list for PBXNativeTarget "BuahSegar-iOS" */;
			buildPhases = (
				056B44FB298E1AA200DE12ED /* Sources */,
				056B44FC298E1AA200DE12ED /* Frameworks */,
				056B44FD298E1AA200DE12ED /* Resources */,
			);
			buildRules = (
			);
			dependencies = (
			);
			name = "BuahSegar-iOS";
			productName = "BuahSegar-iOS";
			productReference = 056B44FF298E1AA200DE12ED /* BuahSegar-iOS.app */;
			productType = "com.apple.product-type.application";
		};
/* End PBXNativeTarget section */

/* Begin PBXProject section */
		056B44F7298E1AA200DE12ED /* Project object */ = {
			isa = PBXProject;
			attributes = {
				BuildIndependentTargetsInParallel = 1;
				LastSwiftUpdateCheck = 1400;
				LastUpgradeCheck = 1400;
				TargetAttributes = {
					056B44FE298E1AA200DE12ED = {
						CreatedOnToolsVersion = 14.0.1;
					};
				};
			};
			buildConfigurationList = 056B44FA298E1AA200DE12ED /* Build configuration list for PBXProject "BuahSegar-iOS" */;
			compatibilityVersion = "Xcode 14.0";
			developmentRegion = en;
			hasScannedForEncodings = 0;
			knownRegions = (
				en,
				Base,
			);
			mainGroup = 056B44F6298E1AA200DE12ED;
			productRefGroup = 056B4500298E1AA200DE12ED /* Products */;
			projectDirPath = "";
			projectRoot = "";
			targets = (
				056B44FE298E1AA200DE12ED /* BuahSegar-iOS */,
			);
		};
/* End PBXProject section */

/* Begin PBXResourcesBuildPhase section */
		056B44FD298E1AA200DE12ED /* Resources */ = {
			isa = PBXResourcesBuildPhase;
			buildActionMask = 2147483647;
			files = (
				056B4512298E1AA400DE12ED /* LaunchScreen.storyboard in Resources */,
				056B450F298E1AA400DE12ED /* Assets.xcassets in Resources */,
				056B450A298E1AA200DE12ED /* Main.storyboard in Resources */,
			);
			runOnlyForDeploymentPostprocessing = 0;
		};
/* End PBXResourcesBuildPhase section */

/* Begin PBXSourcesBuildPhase section */
		056B44FB298E1AA200DE12ED /* Sources */ = {
			isa = PBXSourcesBuildPhase;
			buildActionMask = 2147483647;
			files = (
				056B4507298E1AA200DE12ED /* LoginRegisterViewController.swift in Sources */,
				056B4503298E1AA200DE12ED /* AppDelegate.swift in Sources */,
				056B450D298E1AA200DE12ED /* BuahSegar_iOS.xcdatamodeld in Sources */,
				05E762F2298E379A00BF75A3 /* LoginViewController.swift in Sources */,
				056B4505298E1AA200DE12ED /* SceneDelegate.swift in Sources */,
				05E762F4298E38CA00BF75A3 /* HomeViewController.swift in Sources */,
				05E762F8298E3E5500BF75A3 /* User.swift in Sources */,
			);
			runOnlyForDeploymentPostprocessing = 0;
		};
/* End PBXSourcesBuildPhase section */

/* Begin PBXVariantGroup section */
		056B4508298E1AA200DE12ED /* Main.storyboard */ = {
			isa = PBXVariantGroup;
			children = (
				056B4509298E1AA200DE12ED /* Base */,
			);
			name = Main.storyboard;
			sourceTree = "<group>";
		};
		056B4510298E1AA400DE12ED /* LaunchScreen.storyboard */ = {
			isa = PBXVariantGroup;
			children = (
				056B4511298E1AA400DE12ED /* Base */,
			);
			name = LaunchScreen.storyboard;
			sourceTree = "<group>";
		};
/* End PBXVariantGroup section */

/* Begin XCBuildConfiguration section */
		056B4514298E1AA400DE12ED /* Debug */ = {
			isa = XCBuildConfiguration;
			buildSettings = {
				ALWAYS_SEARCH_USER_PATHS = NO;
				CLANG_ANALYZER_NONNULL = YES;
				CLANG_ANALYZER_NUMBER_OBJECT_CONVERSION = YES_AGGRESSIVE;
				CLANG_CXX_LANGUAGE_STANDARD = "gnu++20";
				CLANG_ENABLE_MODULES = YES;
				CLANG_ENABLE_OBJC_ARC = YES;
				CLANG_ENABLE_OBJC_WEAK = YES;
				CLANG_WARN_BLOCK_CAPTURE_AUTORELEASING = YES;
				CLANG_WARN_BOOL_CONVERSION = YES;
				CLANG_WARN_COMMA = YES;
				CLANG_WARN_CONSTANT_CONVERSION = YES;
				CLANG_WARN_DEPRECATED_OBJC_IMPLEMENTATIONS = YES;
				CLANG_WARN_DIRECT_OBJC_ISA_USAGE = YES_ERROR;
				CLANG_WARN_DOCUMENTATION_COMMENTS = YES;
				CLANG_WARN_EMPTY_BODY = YES;
				CLANG_WARN_ENUM_CONVERSION = YES;
				CLANG_WARN_INFINITE_RECURSION = YES;
				CLANG_WARN_INT_CONVERSION = YES;
				CLANG_WARN_NON_LITERAL_NULL_CONVERSION = YES;
				CLANG_WARN_OBJC_IMPLICIT_RETAIN_SELF = YES;
				CLANG_WARN_OBJC_LITERAL_CONVERSION = YES;
				CLANG_WARN_OBJC_ROOT_CLASS = YES_ERROR;
				CLANG_WARN_QUOTED_INCLUDE_IN_FRAMEWORK_HEADER = YES;
				CLANG_WARN_RANGE_LOOP_ANALYSIS = YES;
				CLANG_WARN_STRICT_PROTOTYPES = YES;
				CLANG_WARN_SUSPICIOUS_MOVE = YES;
				CLANG_WARN_UNGUARDED_AVAILABILITY = YES_AGGRESSIVE;
				CLANG_WARN_UNREACHABLE_CODE = YES;
				CLANG_WARN__DUPLICATE_METHOD_MATCH = YES;
				COPY_PHASE_STRIP = NO;
				DEBUG_INFORMATION_FORMAT = dwarf;
				ENABLE_STRICT_OBJC_MSGSEND = YES;
				ENABLE_TESTABILITY = YES;
				GCC_C_LANGUAGE_STANDARD = gnu11;
				GCC_DYNAMIC_NO_PIC = NO;
				GCC_NO_COMMON_BLOCKS = YES;
				GCC_OPTIMIZATION_LEVEL = 0;
				GCC_PREPROCESSOR_DEFINITIONS = (
					"DEBUG=1",
					"$(inherited)",
				);
				GCC_WARN_64_TO_32_BIT_CONVERSION = YES;
				GCC_WARN_ABOUT_RETURN_TYPE = YES_ERROR;
				GCC_WARN_UNDECLARED_SELECTOR = YES;
				GCC_WARN_UNINITIALIZED_AUTOS = YES_AGGRESSIVE;
				GCC_WARN_UNUSED_FUNCTION = YES;
				GCC_WARN_UNUSED_VARIABLE = YES;
				IPHONEOS_DEPLOYMENT_TARGET = 16.0;
				MTL_ENABLE_DEBUG_INFO = INCLUDE_SOURCE;
				MTL_FAST_MATH = YES;
				ONLY_ACTIVE_ARCH = YES;
				SDKROOT = iphoneos;
				SWIFT_ACTIVE_COMPILATION_CONDITIONS = DEBUG;
				SWIFT_OPTIMIZATION_LEVEL = "-Onone";
			};
			name = Debug;
		};
		056B4515298E1AA400DE12ED /* Release */ = {
			isa = XCBuildConfiguration;
			buildSettings = {
				ALWAYS_SEARCH_USER_PATHS = NO;
				CLANG_ANALYZER_NONNULL = YES;
				CLANG_ANALYZER_NUMBER_OBJECT_CONVERSION = YES_AGGRESSIVE;
				CLANG_CXX_LANGUAGE_STANDARD = "gnu++20";
				CLANG_ENABLE_MODULES = YES;
				CLANG_ENABLE_OBJC_ARC = YES;
				CLANG_ENABLE_OBJC_WEAK = YES;
				CLANG_WARN_BLOCK_CAPTURE_AUTORELEASING = YES;
				CLANG_WARN_BOOL_CONVERSION = YES;
				CLANG_WARN_COMMA = YES;
				CLANG_WARN_CONSTANT_CONVERSION = YES;
				CLANG_WARN_DEPRECATED_OBJC_IMPLEMENTATIONS = YES;
				CLANG_WARN_DIRECT_OBJC_ISA_USAGE = YES_ERROR;
				CLANG_WARN_DOCUMENTATION_COMMENTS = YES;
				CLANG_WARN_EMPTY_BODY = YES;
				CLANG_WARN_ENUM_CONVERSION = YES;
				CLANG_WARN_INFINITE_RECURSION = YES;
				CLANG_WARN_INT_CONVERSION = YES;
				CLANG_WARN_NON_LITERAL_NULL_CONVERSION = YES;
				CLANG_WARN_OBJC_IMPLICIT_RETAIN_SELF = YES;
				CLANG_WARN_OBJC_LITERAL_CONVERSION = YES;
				CLANG_WARN_OBJC_ROOT_CLASS = YES_ERROR;
				CLANG_WARN_QUOTED_INCLUDE_IN_FRAMEWORK_HEADER = YES;
				CLANG_WARN_RANGE_LOOP_ANALYSIS = YES;
				CLANG_WARN_STRICT_PROTOTYPES = YES;
				CLANG_WARN_SUSPICIOUS_MOVE = YES;
				CLANG_WARN_UNGUARDED_AVAILABILITY = YES_AGGRESSIVE;
				CLANG_WARN_UNREACHABLE_CODE = YES;
				CLANG_WARN__DUPLICATE_METHOD_MATCH = YES;
				COPY_PHASE_STRIP = NO;
				DEBUG_INFORMATION_FORMAT = "dwarf-with-dsym";
				ENABLE_NS_ASSERTIONS = NO;
				ENABLE_STRICT_OBJC_MSGSEND = YES;
				GCC_C_LANGUAGE_STANDARD = gnu11;
				GCC_NO_COMMON_BLOCKS = YES;
				GCC_WARN_64_TO_32_BIT_CONVERSION = YES;
				GCC_WARN_ABOUT_RETURN_TYPE = YES_ERROR;
				GCC_WARN_UNDECLARED_SELECTOR = YES;
				GCC_WARN_UNINITIALIZED_AUTOS = YES_AGGRESSIVE;
				GCC_WARN_UNUSED_FUNCTION = YES;
				GCC_WARN_UNUSED_VARIABLE = YES;
				IPHONEOS_DEPLOYMENT_TARGET = 16.0;
				MTL_ENABLE_DEBUG_INFO = NO;
				MTL_FAST_MATH = YES;
				SDKROOT = iphoneos;
				SWIFT_COMPILATION_MODE = wholemodule;
				SWIFT_OPTIMIZATION_LEVEL = "-O";
				VALIDATE_PRODUCT = YES;
			};
			name = Release;
		};
		056B4517298E1AA400DE12ED /* Debug */ = {
			isa = XCBuildConfiguration;
			buildSettings = {
				ASSETCATALOG_COMPILER_APPICON_NAME = AppIcon;
				ASSETCATALOG_COMPILER_GLOBAL_ACCENT_COLOR_NAME = AccentColor;
				BUAH_SEGAR_API_ENDPOINT = "https://www.fruityvice.com/api/fruit/all";
				CODE_SIGN_STYLE = Automatic;
				CURRENT_PROJECT_VERSION = 1;
				GENERATE_INFOPLIST_FILE = YES;
				INFOPLIST_FILE = "BuahSegar-iOS/Info.plist";
				INFOPLIST_KEY_UIApplicationSupportsIndirectInputEvents = YES;
				INFOPLIST_KEY_UILaunchStoryboardName = LaunchScreen;
				INFOPLIST_KEY_UIMainStoryboardFile = Main;
				INFOPLIST_KEY_UISupportedInterfaceOrientations_iPad = "UIInterfaceOrientationPortrait UIInterfaceOrientationPortraitUpsideDown UIInterfaceOrientationLandscapeLeft UIInterfaceOrientationLandscapeRight";
				INFOPLIST_KEY_UISupportedInterfaceOrientations_iPhone = "UIInterfaceOrientationPortrait UIInterfaceOrientationLandscapeLeft UIInterfaceOrientationLandscapeRight";
				LD_RUNPATH_SEARCH_PATHS = (
					"$(inherited)",
					"@executable_path/Frameworks",
				);
				MARKETING_VERSION = 1.0;
				PRODUCT_BUNDLE_IDENTIFIER = "dev.gafilianog.BuahSegar-iOS";
				PRODUCT_NAME = "$(TARGET_NAME)";
				SWIFT_EMIT_LOC_STRINGS = YES;
				SWIFT_VERSION = 5.0;
				TARGETED_DEVICE_FAMILY = "1,2";
			};
			name = Debug;
		};
		056B4518298E1AA400DE12ED /* Release */ = {
			isa = XCBuildConfiguration;
			buildSettings = {
				ASSETCATALOG_COMPILER_APPICON_NAME = AppIcon;
				ASSETCATALOG_COMPILER_GLOBAL_ACCENT_COLOR_NAME = AccentColor;
				BUAH_SEGAR_API_ENDPOINT = "https://www.fruityvice.com/api/fruit/all";
				CODE_SIGN_STYLE = Automatic;
				CURRENT_PROJECT_VERSION = 1;
				GENERATE_INFOPLIST_FILE = YES;
				INFOPLIST_FILE = "BuahSegar-iOS/Info.plist";
				INFOPLIST_KEY_UIApplicationSupportsIndirectInputEvents = YES;
				INFOPLIST_KEY_UILaunchStoryboardName = LaunchScreen;
				INFOPLIST_KEY_UIMainStoryboardFile = Main;
				INFOPLIST_KEY_UISupportedInterfaceOrientations_iPad = "UIInterfaceOrientationPortrait UIInterfaceOrientationPortraitUpsideDown UIInterfaceOrientationLandscapeLeft UIInterfaceOrientationLandscapeRight";
				INFOPLIST_KEY_UISupportedInterfaceOrientations_iPhone = "UIInterfaceOrientationPortrait UIInterfaceOrientationLandscapeLeft UIInterfaceOrientationLandscapeRight";
				LD_RUNPATH_SEARCH_PATHS = (
					"$(inherited)",
					"@executable_path/Frameworks",
				);
				MARKETING_VERSION = 1.0;
				PRODUCT_BUNDLE_IDENTIFIER = "dev.gafilianog.BuahSegar-iOS";
				PRODUCT_NAME = "$(TARGET_NAME)";
				SWIFT_EMIT_LOC_STRINGS = YES;
				SWIFT_VERSION = 5.0;
				TARGETED_DEVICE_FAMILY = "1,2";
			};
			name = Release;
		};
/* End XCBuildConfiguration section */

/* Begin XCConfigurationList section */
		056B44FA298E1AA200DE12ED /* Build configuration list for PBXProject "BuahSegar-iOS" */ = {
			isa = XCConfigurationList;
			buildConfigurations = (
				056B4514298E1AA400DE12ED /* Debug */,
				056B4515298E1AA400DE12ED /* Release */,
			);
			defaultConfigurationIsVisible = 0;
			defaultConfigurationName = Release;
		};
		056B4516298E1AA400DE12ED /* Build configuration list for PBXNativeTarget "BuahSegar-iOS" */ = {
			isa = XCConfigurationList;
			buildConfigurations = (
				056B4517298E1AA400DE12ED /* Debug */,
				056B4518298E1AA400DE12ED /* Release */,
			);
			defaultConfigurationIsVisible = 0;
			defaultConfigurationName = Release;
		};
/* End XCConfigurationList section */

/* Begin XCVersionGroup section */
		056B450B298E1AA200DE12ED /* BuahSegar_iOS.xcdatamodeld */ = {
			isa = XCVersionGroup;
			children = (
				056B450C298E1AA200DE12ED /* BuahSegar_iOS.xcdatamodel */,
			);
			currentVersion = 056B450C298E1AA200DE12ED /* BuahSegar_iOS.xcdatamodel */;
			path = BuahSegar_iOS.xcdatamodeld;
			sourceTree = "<group>";
			versionGroupType = wrapper.xcdatamodel;
		};
/* End XCVersionGroup section */
	};
	rootObject = 056B44F7298E1AA200DE12ED /* Project object */;
}
